
Microsoft Visual Studio Solution File, Format Version 12.00
# Visual Studio 15
VisualStudioVersion = 15.0.26730.16
MinimumVisualStudioVersion = 10.0.40219.1
Project("{FAE04EC0-301F-11D3-BF4B-00C04F79EFBC}") = "MyBruteForceAll.Android", "MyBruteForceAll\MyBruteForceAll.Android\MyBruteForceAll.Android.csproj", "{8123BBD6-A4B0-42F9-B47D-3FF2F04537C0}"
EndProject
Project("{FAE04EC0-301F-11D3-BF4B-00C04F79EFBC}") = "MyBruteForceAll.UWP", "MyBruteForceAll\MyBruteForceAll.UWP\MyBruteForceAll.UWP.csproj", "{CCE36407-99A1-484D-8966-A5245ED4ED5C}"
EndProject
Project("{FAE04EC0-301F-11D3-BF4B-00C04F79EFBC}") = "MyBruteForceAll.iOS", "MyBruteForceAll\MyBruteForceAll.iOS\MyBruteForceAll.iOS.csproj", "{FC64F98F-5738-4175-A910-36A45DE65DC8}"
EndProject
Project("{FAE04EC0-301F-11D3-BF4B-00C04F79EFBC}") = "MyBruteForceAll", "MyBruteForceAll\MyBruteForceAllbak\MyBruteForceAll.csproj", "{23020C85-05EB-4D90-A9EF-EEC9568C8A15}"
EndProject
Global
	GlobalSection(SolutionConfigurationPlatforms) = preSolution
		Ad-Hoc|Any CPU = Ad-Hoc|Any CPU
		Ad-Hoc|ARM = Ad-Hoc|ARM
		Ad-Hoc|iPhone = Ad-Hoc|iPhone
		Ad-Hoc|iPhoneSimulator = Ad-Hoc|iPhoneSimulator
		Ad-Hoc|x64 = Ad-Hoc|x64
		Ad-Hoc|x86 = Ad-Hoc|x86
		AppStore|Any CPU = AppStore|Any CPU
		AppStore|ARM = AppStore|ARM
		AppStore|iPhone = AppStore|iPhone
		AppStore|iPhoneSimulator = AppStore|iPhoneSimulator
		AppStore|x64 = AppStore|x64
		AppStore|x86 = AppStore|x86
		Debug|Any CPU = Debug|Any CPU
		Debug|ARM = Debug|ARM
		Debug|iPhone = Debug|iPhone
		Debug|iPhoneSimulator = Debug|iPhoneSimulator
		Debug|x64 = Debug|x64
		Debug|x86 = Debug|x86
		Release|Any CPU = Release|Any CPU
		Release|ARM = Release|ARM
		Release|iPhone = Release|iPhone
		Release|iPhoneSimulator = Release|iPhoneSimulator
		Release|x64 = Release|x64
		Release|x86 = Release|x86
	EndGlobalSection
	GlobalSection(ProjectConfigurationPlatforms) = postSolution
		{8123BBD6-A4B0-42F9-B47D-3FF2F04537C0}.Ad-Hoc|Any CPU.ActiveCfg = Release|Any CPU
		{8123BBD6-A4B0-42F9-B47D-3FF2F04537C0}.Ad-Hoc|Any CPU.Build.0 = Release|Any CPU
		{8123BBD6-A4B0-42F9-B47D-3FF2F04537C0}.Ad-Hoc|Any CPU.Deploy.0 = Release|Any CPU
		{8123BBD6-A4B0-42F9-B47D-3FF2F04537C0}.Ad-Hoc|ARM.ActiveCfg = Release|Any CPU
		{8123BBD6-A4B0-42F9-B47D-3FF2F04537C0}.Ad-Hoc|ARM.Build.0 = Release|Any CPU
		{8123BBD6-A4B0-42F9-B47D-3FF2F04537C0}.Ad-Hoc|ARM.Deploy.0 = Release|Any CPU
		{8123BBD6-A4B0-42F9-B47D-3FF2F04537C0}.Ad-Hoc|iPhone.ActiveCfg = Release|Any CPU
		{8123BBD6-A4B0-42F9-B47D-3FF2F04537C0}.Ad-Hoc|iPhone.Build.0 = Release|Any CPU
		{8123BBD6-A4B0-42F9-B47D-3FF2F04537C0}.Ad-Hoc|iPhone.Deploy.0 = Release|Any CPU
		{8123BBD6-A4B0-42F9-B47D-3FF2F04537C0}.Ad-Hoc|iPhoneSimulator.ActiveCfg = Release|Any CPU
		{8123BBD6-A4B0-42F9-B47D-3FF2F04537C0}.Ad-Hoc|iPhoneSimulator.Build.0 = Release|Any CPU
		{8123BBD6-A4B0-42F9-B47D-3FF2F04537C0}.Ad-Hoc|iPhoneSimulator.Deploy.0 = Release|Any CPU
		{8123BBD6-A4B0-42F9-B47D-3FF2F04537C0}.Ad-Hoc|x64.ActiveCfg = Release|Any CPU
		{8123BBD6-A4B0-42F9-B47D-3FF2F04537C0}.Ad-Hoc|x64.Build.0 = Release|Any CPU
		{8123BBD6-A4B0-42F9-B47D-3FF2F04537C0}.Ad-Hoc|x64.Deploy.0 = Release|Any CPU
		{8123BBD6-A4B0-42F9-B47D-3FF2F04537C0}.Ad-Hoc|x86.ActiveCfg = Release|Any CPU
		{8123BBD6-A4B0-42F9-B47D-3FF2F04537C0}.Ad-Hoc|x86.Build.0 = Release|Any CPU
		{8123BBD6-A4B0-42F9-B47D-3FF2F04537C0}.Ad-Hoc|x86.Deploy.0 = Release|Any CPU
		{8123BBD6-A4B0-42F9-B47D-3FF2F04537C0}.AppStore|Any CPU.ActiveCfg = Release|Any CPU
		{8123BBD6-A4B0-42F9-B47D-3FF2F04537C0}.AppStore|Any CPU.Build.0 = Release|Any CPU
		{8123BBD6-A4B0-42F9-B47D-3FF2F04537C0}.AppStore|Any CPU.Deploy.0 = Release|Any CPU
		{8123BBD6-A4B0-42F9-B47D-3FF2F04537C0}.AppStore|ARM.ActiveCfg = Release|Any CPU
		{8123BBD6-A4B0-42F9-B47D-3FF2F04537C0}.AppStore|ARM.Build.0 = Release|Any CPU
		{8123BBD6-A4B0-42F9-B47D-3FF2F04537C0}.AppStore|ARM.Deploy.0 = Release|Any CPU
		{8123BBD6-A4B0-42F9-B47D-3FF2F04537C0}.AppStore|iPhone.ActiveCfg = Release|Any CPU
		{8123BBD6-A4B0-42F9-B47D-3FF2F04537C0}.AppStore|iPhone.Build.0 = Release|Any CPU
		{8123BBD6-A4B0-42F9-B47D-3FF2F04537C0}.AppStore|iPhone.Deploy.0 = Release|Any CPU
		{8123BBD6-A4B0-42F9-B47D-3FF2F04537C0}.AppStore|iPhoneSimulator.ActiveCfg = Release|Any CPU
		{8123BBD6-A4B0-42F9-B47D-3FF2F04537C0}.AppStore|iPhoneSimulator.Build.0 = Release|Any CPU
		{8123BBD6-A4B0-42F9-B47D-3FF2F04537C0}.AppStore|iPhoneSimulator.Deploy.0 = Release|Any CPU
		{8123BBD6-A4B0-42F9-B47D-3FF2F04537C0}.AppStore|x64.ActiveCfg = Release|Any CPU
		{8123BBD6-A4B0-42F9-B47D-3FF2F04537C0}.AppStore|x64.Build.0 = Release|Any CPU
		{8123BBD6-A4B0-42F9-B47D-3FF2F04537C0}.AppStore|x64.Deploy.0 = Release|Any CPU
		{8123BBD6-A4B0-42F9-B47D-3FF2F04537C0}.AppStore|x86.ActiveCfg = Release|Any CPU
		{8123BBD6-A4B0-42F9-B47D-3FF2F04537C0}.AppStore|x86.Build.0 = Release|Any CPU
		{8123BBD6-A4B0-42F9-B47D-3FF2F04537C0}.AppStore|x86.Deploy.0 = Release|Any CPU
		{8123BBD6-A4B0-42F9-B47D-3FF2F04537C0}.Debug|Any CPU.ActiveCfg = Debug|Any CPU
		{8123BBD6-A4B0-42F9-B47D-3FF2F04537C0}.Debug|Any CPU.Build.0 = Debug|Any CPU
		{8123BBD6-A4B0-42F9-B47D-3FF2F04537C0}.Debug|Any CPU.Deploy.0 = Debug|Any CPU
		{8123BBD6-A4B0-42F9-B47D-3FF2F04537C0}.Debug|ARM.ActiveCfg = Debug|Any CPU
		{8123BBD6-A4B0-42F9-B47D-3FF2F04537C0}.Debug|ARM.Build.0 = Debug|Any CPU
		{8123BBD6-A4B0-42F9-B47D-3FF2F04537C0}.Debug|ARM.Deploy.0 = Debug|Any CPU
		{8123BBD6-A4B0-42F9-B47D-3FF2F04537C0}.Debug|iPhone.ActiveCfg = Debug|Any CPU
		{8123BBD6-A4B0-42F9-B47D-3FF2F04537C0}.Debug|iPhone.Build.0 = Debug|Any CPU
		{8123BBD6-A4B0-42F9-B47D-3FF2F04537C0}.Debug|iPhone.Deploy.0 = Debug|Any CPU
		{8123BBD6-A4B0-42F9-B47D-3FF2F04537C0}.Debug|iPhoneSimulator.ActiveCfg = Debug|Any CPU
		{8123BBD6-A4B0-42F9-B47D-3FF2F04537C0}.Debug|iPhoneSimulator.Build.0 = Debug|Any CPU
		{8123BBD6-A4B0-42F9-B47D-3FF2F04537C0}.Debug|iPhoneSimulator.Deploy.0 = Debug|Any CPU
		{8123BBD6-A4B0-42F9-B47D-3FF2F04537C0}.Debug|x64.ActiveCfg = Debug|Any CPU
		{8123BBD6-A4B0-42F9-B47D-3FF2F04537C0}.Debug|x64.Build.0 = Debug|Any CPU
		{8123BBD6-A4B0-42F9-B47D-3FF2F04537C0}.Debug|x64.Deploy.0 = Debug|Any CPU
		{8123BBD6-A4B0-42F9-B47D-3FF2F04537C0}.Debug|x86.ActiveCfg = Debug|Any CPU
		{8123BBD6-A4B0-42F9-B47D-3FF2F04537C0}.Debug|x86.Build.0 = Debug|Any CPU
		{8123BBD6-A4B0-42F9-B47D-3FF2F04537C0}.Debug|x86.Deploy.0 = Debug|Any CPU
		{8123BBD6-A4B0-42F9-B47D-3FF2F04537C0}.Release|Any CPU.ActiveCfg = Release|Any CPU
		{8123BBD6-A4B0-42F9-B47D-3FF2F04537C0}.Release|Any CPU.Build.0 = Release|Any CPU
		{8123BBD6-A4B0-42F9-B47D-3FF2F04537C0}.Release|Any CPU.Deploy.0 = Release|Any CPU
		{8123BBD6-A4B0-42F9-B47D-3FF2F04537C0}.Release|ARM.ActiveCfg = Release|Any CPU
		{8123BBD6-A4B0-42F9-B47D-3FF2F04537C0}.Release|ARM.Build.0 = Release|Any CPU
		{8123BBD6-A4B0-42F9-B47D-3FF2F04537C0}.Release|ARM.Deploy.0 = Release|Any CPU
		{8123BBD6-A4B0-42F9-B47D-3FF2F04537C0}.Release|iPhone.ActiveCfg = Release|Any CPU
		{8123BBD6-A4B0-42F9-B47D-3FF2F04537C0}.Release|iPhone.Build.0 = Release|Any CPU
		{8123BBD6-A4B0-42F9-B47D-3FF2F04537C0}.Release|iPhone.Deploy.0 = Release|Any CPU
		{8123BBD6-A4B0-42F9-B47D-3FF2F04537C0}.Release|iPhoneSimulator.ActiveCfg = Release|Any CPU
		{8123BBD6-A4B0-42F9-B47D-3FF2F04537C0}.Release|iPhoneSimulator.Build.0 = Release|Any CPU
		{8123BBD6-A4B0-42F9-B47D-3FF2F04537C0}.Release|iPhoneSimulator.Deploy.0 = Release|Any CPU
		{8123BBD6-A4B0-42F9-B47D-3FF2F04537C0}.Release|x64.ActiveCfg = Release|Any CPU
		{8123BBD6-A4B0-42F9-B47D-3FF2F04537C0}.Release|x64.Build.0 = Release|Any CPU
		{8123BBD6-A4B0-42F9-B47D-3FF2F04537C0}.Release|x64.Deploy.0 = Release|Any CPU
		{8123BBD6-A4B0-42F9-B47D-3FF2F04537C0}.Release|x86.ActiveCfg = Release|Any CPU
		{8123BBD6-A4B0-42F9-B47D-3FF2F04537C0}.Release|x86.Build.0 = Release|Any CPU
		{8123BBD6-A4B0-42F9-B47D-3FF2F04537C0}.Release|x86.Deploy.0 = Release|Any CPU
		{CCE36407-99A1-484D-8966-A5245ED4ED5C}.Ad-Hoc|Any CPU.ActiveCfg = Release|x86
		{CCE36407-99A1-484D-8966-A5245ED4ED5C}.Ad-Hoc|Any CPU.Build.0 = Release|x86
		{CCE36407-99A1-484D-8966-A5245ED4ED5C}.Ad-Hoc|Any CPU.Deploy.0 = Release|x86
		{CCE36407-99A1-484D-8966-A5245ED4ED5C}.Ad-Hoc|ARM.ActiveCfg = Release|ARM
		{CCE36407-99A1-484D-8966-A5245ED4ED5C}.Ad-Hoc|ARM.Build.0 = Release|ARM
		{CCE36407-99A1-484D-8966-A5245ED4ED5C}.Ad-Hoc|ARM.Deploy.0 = Release|ARM
		{CCE36407-99A1-484D-8966-A5245ED4ED5C}.Ad-Hoc|iPhone.ActiveCfg = Release|x86
		{CCE36407-99A1-484D-8966-A5245ED4ED5C}.Ad-Hoc|iPhone.Build.0 = Release|x86
		{CCE36407-99A1-484D-8966-A5245ED4ED5C}.Ad-Hoc|iPhone.Deploy.0 = Release|x86
		{CCE36407-99A1-484D-8966-A5245ED4ED5C}.Ad-Hoc|iPhoneSimulator.ActiveCfg = Release|x86
		{CCE36407-99A1-484D-8966-A5245ED4ED5C}.Ad-Hoc|iPhoneSimulator.Build.0 = Release|x86
		{CCE36407-99A1-484D-8966-A5245ED4ED5C}.Ad-Hoc|iPhoneSimulator.Deploy.0 = Release|x86
		{CCE36407-99A1-484D-8966-A5245ED4ED5C}.Ad-Hoc|x64.ActiveCfg = Release|x64
		{CCE36407-99A1-484D-8966-A5245ED4ED5C}.Ad-Hoc|x64.Build.0 = Release|x64
		{CCE36407-99A1-484D-8966-A5245ED4ED5C}.Ad-Hoc|x64.Deploy.0 = Release|x64
		{CCE36407-99A1-484D-8966-A5245ED4ED5C}.Ad-Hoc|x86.ActiveCfg = Release|x86
		{CCE36407-99A1-484D-8966-A5245ED4ED5C}.Ad-Hoc|x86.Build.0 = Release|x86
		{CCE36407-99A1-484D-8966-A5245ED4ED5C}.Ad-Hoc|x86.Deploy.0 = Release|x86
		{CCE36407-99A1-484D-8966-A5245ED4ED5C}.AppStore|Any CPU.ActiveCfg = Release|x86
		{CCE36407-99A1-484D-8966-A5245ED4ED5C}.AppStore|Any CPU.Build.0 = Release|x86
		{CCE36407-99A1-484D-8966-A5245ED4ED5C}.AppStore|Any CPU.Deploy.0 = Release|x86
		{CCE36407-99A1-484D-8966-A5245ED4ED5C}.AppStore|ARM.ActiveCfg = Release|ARM
		{CCE36407-99A1-484D-8966-A5245ED4ED5C}.AppStore|ARM.Build.0 = Release|ARM
		{CCE36407-99A1-484D-8966-A5245ED4ED5C}.AppStore|ARM.Deploy.0 = Release|ARM
		{CCE36407-99A1-484D-8966-A5245ED4ED5C}.AppStore|iPhone.ActiveCfg = Release|x86
		{CCE36407-99A1-484D-8966-A5245ED4ED5C}.AppStore|iPhone.Build.0 = Release|x86
		{CCE36407-99A1-484D-8966-A5245ED4ED5C}.AppStore|iPhone.Deploy.0 = Release|x86
		{CCE36407-99A1-484D-8966-A5245ED4ED5C}.AppStore|iPhoneSimulator.ActiveCfg = Release|x86
		{CCE36407-99A1-484D-8966-A5245ED4ED5C}.AppStore|iPhoneSimulator.Build.0 = Release|x86
		{CCE36407-99A1-484D-8966-A5245ED4ED5C}.AppStore|iPhoneSimulator.Deploy.0 = Release|x86
		{CCE36407-99A1-484D-8966-A5245ED4ED5C}.AppStore|x64.ActiveCfg = Release|x64
		{CCE36407-99A1-484D-8966-A5245ED4ED5C}.AppStore|x64.Build.0 = Release|x64
		{CCE36407-99A1-484D-8966-A5245ED4ED5C}.AppStore|x64.Deploy.0 = Release|x64
		{CCE36407-99A1-484D-8966-A5245ED4ED5C}.AppStore|x86.ActiveCfg = Release|x86
		{CCE36407-99A1-484D-8966-A5245ED4ED5C}.AppStore|x86.Build.0 = Release|x86
		{CCE36407-99A1-484D-8966-A5245ED4ED5C}.AppStore|x86.Deploy.0 = Release|x86
		{CCE36407-99A1-484D-8966-A5245ED4ED5C}.Debug|Any CPU.ActiveCfg = Debug|x86
		{CCE36407-99A1-484D-8966-A5245ED4ED5C}.Debug|ARM.ActiveCfg = Debug|ARM
		{CCE36407-99A1-484D-8966-A5245ED4ED5C}.Debug|ARM.Build.0 = Debug|ARM
		{CCE36407-99A1-484D-8966-A5245ED4ED5C}.Debug|ARM.Deploy.0 = Debug|ARM
		{CCE36407-99A1-484D-8966-A5245ED4ED5C}.Debug|iPhone.ActiveCfg = Debug|x86
		{CCE36407-99A1-484D-8966-A5245ED4ED5C}.Debug|iPhoneSimulator.ActiveCfg = Debug|x86
		{CCE36407-99A1-484D-8966-A5245ED4ED5C}.Debug|x64.ActiveCfg = Debug|x64
		{CCE36407-99A1-484D-8966-A5245ED4ED5C}.Debug|x64.Build.0 = Debug|x64
		{CCE36407-99A1-484D-8966-A5245ED4ED5C}.Debug|x64.Deploy.0 = Debug|x64
		{CCE36407-99A1-484D-8966-A5245ED4ED5C}.Debug|x86.ActiveCfg = Debug|x86
		{CCE36407-99A1-484D-8966-A5245ED4ED5C}.Debug|x86.Build.0 = Debug|x86
		{CCE36407-99A1-484D-8966-A5245ED4ED5C}.Debug|x86.Deploy.0 = Debug|x86
		{CCE36407-99A1-484D-8966-A5245ED4ED5C}.Release|Any CPU.ActiveCfg = Release|x86
		{CCE36407-99A1-484D-8966-A5245ED4ED5C}.Release|ARM.ActiveCfg = Release|ARM
		{CCE36407-99A1-484D-8966-A5245ED4ED5C}.Release|ARM.Build.0 = Release|ARM
		{CCE36407-99A1-484D-8966-A5245ED4ED5C}.Release|ARM.Deploy.0 = Release|ARM
		{CCE36407-99A1-484D-8966-A5245ED4ED5C}.Release|iPhone.ActiveCfg = Release|x86
		{CCE36407-99A1-484D-8966-A5245ED4ED5C}.Release|iPhoneSimulator.ActiveCfg = Release|x86
		{CCE36407-99A1-484D-8966-A5245ED4ED5C}.Release|x64.ActiveCfg = Release|x64
		{CCE36407-99A1-484D-8966-A5245ED4ED5C}.Release|x64.Build.0 = Release|x64
		{CCE36407-99A1-484D-8966-A5245ED4ED5C}.Release|x64.Deploy.0 = Release|x64
		{CCE36407-99A1-484D-8966-A5245ED4ED5C}.Release|x86.ActiveCfg = Release|x86
		{CCE36407-99A1-484D-8966-A5245ED4ED5C}.Release|x86.Build.0 = Release|x86
		{CCE36407-99A1-484D-8966-A5245ED4ED5C}.Release|x86.Deploy.0 = Release|x86
		{FC64F98F-5738-4175-A910-36A45DE65DC8}.Ad-Hoc|Any CPU.ActiveCfg = Ad-Hoc|iPhone
		{FC64F98F-5738-4175-A910-36A45DE65DC8}.Ad-Hoc|ARM.ActiveCfg = Ad-Hoc|iPhone
		{FC64F98F-5738-4175-A910-36A45DE65DC8}.Ad-Hoc|iPhone.ActiveCfg = Ad-Hoc|iPhone
		{FC64F98F-5738-4175-A910-36A45DE65DC8}.Ad-Hoc|iPhone.Build.0 = Ad-Hoc|iPhone
		{FC64F98F-5738-4175-A910-36A45DE65DC8}.Ad-Hoc|iPhoneSimulator.ActiveCfg = Ad-Hoc|iPhoneSimulator
		{FC64F98F-5738-4175-A910-36A45DE65DC8}.Ad-Hoc|iPhoneSimulator.Build.0 = Ad-Hoc|iPhoneSimulator
		{FC64F98F-5738-4175-A910-36A45DE65DC8}.Ad-Hoc|x64.ActiveCfg = Ad-Hoc|iPhone
		{FC64F98F-5738-4175-A910-36A45DE65DC8}.Ad-Hoc|x86.ActiveCfg = Ad-Hoc|iPhone
		{FC64F98F-5738-4175-A910-36A45DE65DC8}.AppStore|Any CPU.ActiveCfg = AppStore|iPhone
		{FC64F98F-5738-4175-A910-36A45DE65DC8}.AppStore|ARM.ActiveCfg = AppStore|iPhone
		{FC64F98F-5738-4175-A910-36A45DE65DC8}.AppStore|iPhone.ActiveCfg = AppStore|iPhone
		{FC64F98F-5738-4175-A910-36A45DE65DC8}.AppStore|iPhone.Build.0 = AppStore|iPhone
		{FC64F98F-5738-4175-A910-36A45DE65DC8}.AppStore|iPhoneSimulator.ActiveCfg = AppStore|iPhoneSimulator
		{FC64F98F-5738-4175-A910-36A45DE65DC8}.AppStore|iPhoneSimulator.Build.0 = AppStore|iPhoneSimulator
		{FC64F98F-5738-4175-A910-36A45DE65DC8}.AppStore|x64.ActiveCfg = AppStore|iPhone
		{FC64F98F-5738-4175-A910-36A45DE65DC8}.AppStore|x86.ActiveCfg = AppStore|iPhone
		{FC64F98F-5738-4175-A910-36A45DE65DC8}.Debug|Any CPU.ActiveCfg = Debug|iPhone
		{FC64F98F-5738-4175-A910-36A45DE65DC8}.Debug|ARM.ActiveCfg = Debug|iPhone
		{FC64F98F-5738-4175-A910-36A45DE65DC8}.Debug|iPhone.ActiveCfg = Debug|iPhone
		{FC64F98F-5738-4175-A910-36A45DE65DC8}.Debug|iPhone.Build.0 = Debug|iPhone
		{FC64F98F-5738-4175-A910-36A45DE65DC8}.Debug|iPhoneSimulator.ActiveCfg = Debug|iPhoneSimulator
		{FC64F98F-5738-4175-A910-36A45DE65DC8}.Debug|iPhoneSimulator.Build.0 = Debug|iPhoneSimulator
		{FC64F98F-5738-4175-A910-36A45DE65DC8}.Debug|x64.ActiveCfg = Debug|iPhone
		{FC64F98F-5738-4175-A910-36A45DE65DC8}.Debug|x86.ActiveCfg = Debug|iPhone
		{FC64F98F-5738-4175-A910-36A45DE65DC8}.Release|Any CPU.ActiveCfg = Release|iPhone
		{FC64F98F-5738-4175-A910-36A45DE65DC8}.Release|ARM.ActiveCfg = Release|iPhone
		{FC64F98F-5738-4175-A910-36A45DE65DC8}.Release|iPhone.ActiveCfg = Release|iPhone
		{FC64F98F-5738-4175-A910-36A45DE65DC8}.Release|iPhone.Build.0 = Release|iPhone
		{FC64F98F-5738-4175-A910-36A45DE65DC8}.Release|iPhoneSimulator.ActiveCfg = Release|iPhoneSimulator
		{FC64F98F-5738-4175-A910-36A45DE65DC8}.Release|iPhoneSimulator.Build.0 = Release|iPhoneSimulator
		{FC64F98F-5738-4175-A910-36A45DE65DC8}.Release|x64.ActiveCfg = Release|iPhone
		{FC64F98F-5738-4175-A910-36A45DE65DC8}.Release|x86.ActiveCfg = Release|iPhone
		{23020C85-05EB-4D90-A9EF-EEC9568C8A15}.Ad-Hoc|Any CPU.ActiveCfg = Release|Any CPU
		{23020C85-05EB-4D90-A9EF-EEC9568C8A15}.Ad-Hoc|Any CPU.Build.0 = Release|Any CPU
		{23020C85-05EB-4D90-A9EF-EEC9568C8A15}.Ad-Hoc|ARM.ActiveCfg = Release|Any CPU
		{23020C85-05EB-4D90-A9EF-EEC9568C8A15}.Ad-Hoc|ARM.Build.0 = Release|Any CPU
		{23020C85-05EB-4D90-A9EF-EEC9568C8A15}.Ad-Hoc|iPhone.ActiveCfg = Release|Any CPU
		{23020C85-05EB-4D90-A9EF-EEC9568C8A15}.Ad-Hoc|iPhone.Build.0 = Release|Any CPU
		{23020C85-05EB-4D90-A9EF-EEC9568C8A15}.Ad-Hoc|iPhoneSimulator.ActiveCfg = Release|Any CPU
		{23020C85-05EB-4D90-A9EF-EEC9568C8A15}.Ad-Hoc|iPhoneSimulator.Build.0 = Release|Any CPU
		{23020C85-05EB-4D90-A9EF-EEC9568C8A15}.Ad-Hoc|x64.ActiveCfg = Release|Any CPU
		{23020C85-05EB-4D90-A9EF-EEC9568C8A15}.Ad-Hoc|x64.Build.0 = Release|Any CPU
		{23020C85-05EB-4D90-A9EF-EEC9568C8A15}.Ad-Hoc|x86.ActiveCfg = Release|Any CPU
		{23020C85-05EB-4D90-A9EF-EEC9568C8A15}.Ad-Hoc|x86.Build.0 = Release|Any CPU
		{23020C85-05EB-4D90-A9EF-EEC9568C8A15}.AppStore|Any CPU.ActiveCfg = Release|Any CPU
		{23020C85-05EB-4D90-A9EF-EEC9568C8A15}.AppStore|Any CPU.Build.0 = Release|Any CPU
		{23020C85-05EB-4D90-A9EF-EEC9568C8A15}.AppStore|ARM.ActiveCfg = Release|Any CPU
		{23020C85-05EB-4D90-A9EF-EEC9568C8A15}.AppStore|ARM.Build.0 = Release|Any CPU
		{23020C85-05EB-4D90-A9EF-EEC9568C8A15}.AppStore|iPhone.ActiveCfg = Release|Any CPU
		{23020C85-05EB-4D90-A9EF-EEC9568C8A15}.AppStore|iPhone.Build.0 = Release|Any CPU
		{23020C85-05EB-4D90-A9EF-EEC9568C8A15}.AppStore|iPhoneSimulator.ActiveCfg = Release|Any CPU
		{23020C85-05EB-4D90-A9EF-EEC9568C8A15}.AppStore|iPhoneSimulator.Build.0 = Release|Any CPU
		{23020C85-05EB-4D90-A9EF-EEC9568C8A15}.AppStore|x64.ActiveCfg = Release|Any CPU
		{23020C85-05EB-4D90-A9EF-EEC9568C8A15}.AppStore|x64.Build.0 = Release|Any CPU
		{23020C85-05EB-4D90-A9EF-EEC9568C8A15}.AppStore|x86.ActiveCfg = Release|Any CPU
		{23020C85-05EB-4D90-A9EF-EEC9568C8A15}.AppStore|x86.Build.0 = Release|Any CPU
		{23020C85-05EB-4D90-A9EF-EEC9568C8A15}.Debug|Any CPU.ActiveCfg = Debug|Any CPU
		{23020C85-05EB-4D90-A9EF-EEC9568C8A15}.Debug|Any CPU.Build.0 = Debug|Any CPU
		{23020C85-05EB-4D90-A9EF-EEC9568C8A15}.Debug|ARM.ActiveCfg = Debug|Any CPU
		{23020C85-05EB-4D90-A9EF-EEC9568C8A15}.Debug|ARM.Build.0 = Debug|Any CPU
		{23020C85-05EB-4D90-A9EF-EEC9568C8A15}.Debug|iPhone.ActiveCfg = Debug|Any CPU
		{23020C85-05EB-4D90-A9EF-EEC9568C8A15}.Debug|iPhone.Build.0 = Debug|Any CPU
		{23020C85-05EB-4D90-A9EF-EEC9568C8A15}.Debug|iPhoneSimulator.ActiveCfg = Debug|Any CPU
		{23020C85-05EB-4D90-A9EF-EEC9568C8A15}.Debug|iPhoneSimulator.Build.0 = Debug|Any CPU
		{23020C85-05EB-4D90-A9EF-EEC9568C8A15}.Debug|x64.ActiveCfg = Debug|Any CPU
		{23020C85-05EB-4D90-A9EF-EEC9568C8A15}.Debug|x64.Build.0 = Debug|Any CPU
		{23020C85-05EB-4D90-A9EF-EEC9568C8A15}.Debug|x86.ActiveCfg = Debug|Any CPU
		{23020C85-05EB-4D90-A9EF-EEC9568C8A15}.Debug|x86.Build.0 = Debug|Any CPU
		{23020C85-05EB-4D90-A9EF-EEC9568C8A15}.Release|Any CPU.ActiveCfg = Release|Any CPU
		{23020C85-05EB-4D90-A9EF-EEC9568C8A15}.Release|Any CPU.Build.0 = Release|Any CPU
		{23020C85-05EB-4D90-A9EF-EEC9568C8A15}.Release|ARM.ActiveCfg = Release|Any CPU
		{23020C85-05EB-4D90-A9EF-EEC9568C8A15}.Release|ARM.Build.0 = Release|Any CPU
		{23020C85-05EB-4D90-A9EF-EEC9568C8A15}.Release|iPhone.ActiveCfg = Release|Any CPU
		{23020C85-05EB-4D90-A9EF-EEC9568C8A15}.Release|iPhone.Build.0 = Release|Any CPU
		{23020C85-05EB-4D90-A9EF-EEC9568C8A15}.Release|iPhoneSimulator.ActiveCfg = Release|Any CPU
		{23020C85-05EB-4D90-A9EF-EEC9568C8A15}.Release|iPhoneSimulator.Build.0 = Release|Any CPU
		{23020C85-05EB-4D90-A9EF-EEC9568C8A15}.Release|x64.ActiveCfg = Release|Any CPU
		{23020C85-05EB-4D90-A9EF-EEC9568C8A15}.Release|x64.Build.0 = Release|Any CPU
		{23020C85-05EB-4D90-A9EF-EEC9568C8A15}.Release|x86.ActiveCfg = Release|Any CPU
		{23020C85-05EB-4D90-A9EF-EEC9568C8A15}.Release|x86.Build.0 = Release|Any CPU
	EndGlobalSection
	GlobalSection(SolutionProperties) = preSolution
		HideSolutionNode = FALSE
	EndGlobalSection
	GlobalSection(ExtensibilityGlobals) = postSolution
		SolutionGuid = {C848683D-F78C-41FB-8381-A6FE9F1C440D}
	EndGlobalSection
EndGlobal
